{
    "_readme": [
        "This file locks the dependencies of your project to a known state",
        "Read more about it at https://getcomposer.org/doc/01-basic-usage.md#installing-dependencies",
        "This file is @generated automatically"
    ],
    "content-hash": "ee574fe3b320fa6f388c53e669e5e0e3",
    "packages": [
        {
            "name": "drupal/console-en",
            "version": "v1.9.0",
            "source": {
                "type": "git",
                "url": "https://github.com/hechoendrupal/drupal-console-en.git",
                "reference": "d99d1635509dd32957853f5da5e60cbd2938eb6c"
            },
            "dist": {
                "type": "zip",
                "url": "https://api.github.com/repos/hechoendrupal/drupal-console-en/zipball/d99d1635509dd32957853f5da5e60cbd2938eb6c",
                "reference": "d99d1635509dd32957853f5da5e60cbd2938eb6c",
                "shasum": ""
            },
            "type": "drupal-console-language",
            "notification-url": "https://packagist.org/downloads/",
            "license": [
                "GPL-2.0-or-later"
            ],
            "authors": [
                {
                    "name": "David Flores",
                    "email": "dmousex@gmail.com",
                    "homepage": "http://dmouse.net"
                },
                {
                    "name": "Jesus Manuel Olivas",
                    "email": "jesus.olivas@gmail.com",
                    "homepage": "http://jmolivas.com"
                },
                {
                    "name": "Drupal Console Contributors",
                    "homepage": "https://github.com/hechoendrupal/DrupalConsole/graphs/contributors"
                },
                {
                    "name": "Eduardo Garcia",
                    "email": "enzo@enzolutions.com",
                    "homepage": "http://enzolutions.com/"
                },
                {
                    "name": "Omar Aguirre",
                    "email": "omersguchigu@gmail.com"
                }
            ],
            "description": "Drupal Console English Language",
            "homepage": "http://drupalconsole.com/",
            "keywords": [
                "console",
                "development",
                "drupal",
                "symfony"
            ],
            "time": "2019-05-29T19:03:44+00:00"
        }
    ],
    "packages-dev": [],
    "aliases": [],
    "minimum-stability": "dev",
    "stability-flags": [],
    "prefer-stable": false,
    "prefer-lowest": false,
    "platform": [],
    "platform-dev": []
}
