description: 'Génère un plugin de bloc'
help: 'La commande <info> generate: plugin: bloc </ info> permet de générer un nouveau plugin de bloc.'
welcome: 'Bienvenue au générateur de plugin de bloc'
options:
    module: common.options.module
    class: 'Nom de la classe plugin'
    plugin-label: 'Plugin label'
    plugin-id: 'Id du plugin'
    inputs: common.options.inputs
    services: common.options.services
    theme-region: 'Région du thème où placer le plugin de bloc'
    twigtemplate: 'Generate theme template'
    label: 'Label du plugin'
questions:
    module: common.questions.module
    class: 'Entrez le nom de la classe du plugin'
    plugin-label: 'Enter the plugin label'
    plugin-id: 'Entrez l''id du plugin'
    services: common.questions.services
    theme-region: 'Enter the theme region to render the Plugin Block.'
    type: 'Enter New field type'
    label: 'Entrez le label du plugin'
    description: Description
    default-value: 'Default value'
    weight: 'Weight for input item'
    twigtemplate: 'Do you want to generate a themeable template?'
    inputs: common.questions.inputs
messages:
    inputs: "\nVous pouvez ajouter des champs d'entrée pour créer des configurations spéciales dans chaque bloc.\nCette option est facultative, appuyez sur <info>Entrée</ info> pour <info>continuer</ info>"
    invalid-theme-region: 'La région "%s" n''est pas valide'
examples:
    -
        description: 'Generate a plugin block in the header region with an input field specifying the module name, the class, the label, its id, the region and the input'
        execution: "drupal generate:plugin:block  \\\n  --module=\"modulename\"  \\\n  --class=\"DefaultBlock\"  \\\n  --label=\"Default block\"  \\\n  --plugin-id=\"default_block\"  \\\n  --theme-region=\"header\"  \\\n  --inputs='\"name\":\"inputtext\", \"type\":\"text_format\", \"label\":\"InputText\", \"options\":\"\", \"description\":\"Just an input text\", \"maxlength\":\"\", \"size\":\"\", \"default_value\":\"\", \"weight\":\"0\", \"fieldset\":\"\"'"
